
Microsoft Visual Studio Solution File, Format Version 12.00
# Visual Studio Version 16
VisualStudioVersion = 16.0.30907.101
MinimumVisualStudioVersion = 10.0.40219.1
Project("{FAE04EC0-301F-11D3-BF4B-00C04F79EFBC}") = "WebDepartment.Api", "WebDepartment.Api\WebDepartment.Api.csproj", "{CAF0E753-4CAB-4435-8AFE-65DEB67902ED}"
EndProject
Global
	GlobalSection(SolutionConfigurationPlatforms) = preSolution
		Debug|Any CPU = Debug|Any CPU
		Release|Any CPU = Release|Any CPU
	EndGlobalSection
	GlobalSection(ProjectConfigurationPlatforms) = postSolution
		{CAF0E753-4CAB-4435-8AFE-65DEB67902ED}.Debug|Any CPU.ActiveCfg = Debug|Any CPU
		{CAF0E753-4CAB-4435-8AFE-65DEB67902ED}.Debug|Any CPU.Build.0 = Debug|Any CPU
		{CAF0E753-4CAB-4435-8AFE-65DEB67902ED}.Release|Any CPU.ActiveCfg = Release|Any CPU
		{CAF0E753-4CAB-4435-8AFE-65DEB67902ED}.Release|Any CPU.Build.0 = Release|Any CPU
	EndGlobalSection
	GlobalSection(SolutionProperties) = preSolution
		HideSolutionNode = FALSE
	EndGlobalSection
	GlobalSection(ExtensibilityGlobals) = postSolution
		SolutionGuid = {7C0EAA92-3A11-46B8-AE9C-17307383A688}
	EndGlobalSection
EndGlobal
